{
  "name": "rolltest",
  "version": "1.0.0",
  "lockfileVersion": 3,
  "requires": true,
  "packages": {
    "": {
      "name": "rolltest",
      "dependencies": {
        "rolldown": "^0.14.0-snapshot-d5e797b-20241114003621"
      }
    },
    "node_modules/@emnapi/core": {
      "version": "1.3.1",
      "resolved": "https://registry.npmjs.org/@emnapi/core/-/core-1.3.1.tgz",
      "integrity": "sha512-pVGjBIt1Y6gg3EJN8jTcfpP/+uuRksIo055oE/OBkDNcjZqVbfkWCksG1Jp4yZnj3iKWyWX8fdG/j6UDYPbFog==",
      "license": "MIT",
      "optional": true,
      "dependencies": {
        "@emnapi/wasi-threads": "1.0.1",
        "tslib": "^2.4.0"
      }
    },
    "node_modules/@emnapi/runtime": {
      "version": "1.3.1",
      "resolved": "https://registry.npmjs.org/@emnapi/runtime/-/runtime-1.3.1.tgz",
      "integrity": "sha512-kEBmG8KyqtxJZv+ygbEim+KCGtIq1fC22Ms3S4ziXmYKm8uyoLX0MHONVKwp+9opg390VaKRNt4a7A9NwmpNhw==",
      "license": "MIT",
      "optional": true,
      "dependencies": {
        "tslib": "^2.4.0"
      }
    },
    "node_modules/@emnapi/wasi-threads": {
      "version": "1.0.1",
      "resolved": "https://registry.npmjs.org/@emnapi/wasi-threads/-/wasi-threads-1.0.1.tgz",
      "integrity": "sha512-iIBu7mwkq4UQGeMEM8bLwNK962nXdhodeScX4slfQnRhEMMzvYivHhutCIk8uojvmASXXPC2WNEjwxFWk72Oqw==",
      "license": "MIT",
      "optional": true,
      "dependencies": {
        "tslib": "^2.4.0"
      }
    },
    "node_modules/@napi-rs/wasm-runtime": {
      "version": "0.2.5",
      "resolved": "https://registry.npmjs.org/@napi-rs/wasm-runtime/-/wasm-runtime-0.2.5.tgz",
      "integrity": "sha512-kwUxR7J9WLutBbulqg1dfOrMTwhMdXLdcGUhcbCcGwnPLt3gz19uHVdwH1syKVDbE022ZS2vZxOWflFLS0YTjw==",
      "license": "MIT",
      "optional": true,
      "dependencies": {
        "@emnapi/core": "^1.1.0",
        "@emnapi/runtime": "^1.1.0",
        "@tybys/wasm-util": "^0.9.0"
      }
    },
    "node_modules/@rolldown/binding-darwin-arm64": {
      "version": "0.14.0-snapshot-d5e797b-20241114003621",
      "resolved": "https://registry.npmjs.org/@rolldown/binding-darwin-arm64/-/binding-darwin-arm64-0.14.0-snapshot-d5e797b-20241114003621.tgz",
      "integrity": "sha512-K+kETZAdSaIHG+ivKes6IGiyFK4+uriEXhUHMPWvKqz4njcaXA9Lk5wEOiIFMLNsiyygkddBvuE2JXiiqtc7pw==",
      "cpu": [
        "arm64"
      ],
      "license": "MIT",
      "optional": true,
      "os": [
        "darwin"
      ]
    },
    "node_modules/@rolldown/binding-darwin-x64": {
      "version": "0.14.0-snapshot-d5e797b-20241114003621",
      "resolved": "https://registry.npmjs.org/@rolldown/binding-darwin-x64/-/binding-darwin-x64-0.14.0-snapshot-d5e797b-20241114003621.tgz",
      "integrity": "sha512-ZrW/GM6xu0VMHBnnboAoID2mtHgg/aO0C6dVuu41FXxNTb5TenK+CL7o6TRErIYh9UggOE8ElePlw9yDCquRqw==",
      "cpu": [
        "x64"
      ],
      "license": "MIT",
      "optional": true,
      "os": [
        "darwin"
      ]
    },
    "node_modules/@rolldown/binding-freebsd-x64": {
      "version": "0.14.0-snapshot-d5e797b-20241114003621",
      "resolved": "https://registry.npmjs.org/@rolldown/binding-freebsd-x64/-/binding-freebsd-x64-0.14.0-snapshot-d5e797b-20241114003621.tgz",
      "integrity": "sha512-ay0xOrOCH2DA5iBpn2w02o7BMw0ftqHnfu6hq5eXMkzAioObA0eCLS+8vpbN9FpPpWRPYZoK9z519npn9GfVcw==",
      "cpu": [
        "x64"
      ],
      "license": "MIT",
      "optional": true,
      "os": [
        "freebsd"
      ]
    },
    "node_modules/@rolldown/binding-linux-arm-gnueabihf": {
      "version": "0.14.0-snapshot-d5e797b-20241114003621",
      "resolved": "https://registry.npmjs.org/@rolldown/binding-linux-arm-gnueabihf/-/binding-linux-arm-gnueabihf-0.14.0-snapshot-d5e797b-20241114003621.tgz",
      "integrity": "sha512-flQG9NDOlYTlV9Y+7Lim+NZyv554Xrea8bN84ep9AJy49NHkwhzan46Ct9/drwbK4uQvTePk1Cof7CdX4/tJ7w==",
      "cpu": [
        "arm"
      ],
      "license": "MIT",
      "optional": true,
      "os": [
        "linux"
      ]
    },
    "node_modules/@rolldown/binding-linux-arm64-gnu": {
      "version": "0.14.0-snapshot-d5e797b-20241114003621",
      "resolved": "https://registry.npmjs.org/@rolldown/binding-linux-arm64-gnu/-/binding-linux-arm64-gnu-0.14.0-snapshot-d5e797b-20241114003621.tgz",
      "integrity": "sha512-osxZlZdtOC+ck8PZiQ27ujf2jbi67rrQmWx60wwuTnFznl7Rj4pULTDmxaq7oO14yYAW7w00in8OKGXcvRQ5yw==",
      "cpu": [
        "arm64"
      ],
      "license": "MIT",
      "optional": true,
      "os": [
        "linux"
      ]
    },
    "node_modules/@rolldown/binding-linux-arm64-musl": {
      "version": "0.14.0-snapshot-d5e797b-20241114003621",
      "resolved": "https://registry.npmjs.org/@rolldown/binding-linux-arm64-musl/-/binding-linux-arm64-musl-0.14.0-snapshot-d5e797b-20241114003621.tgz",
      "integrity": "sha512-B1d+iRhQiKgBkbcO7ByUYoNUeWqV+XMP3Vz8Y27Nj+flgvt5GkmOEYJ2pJ4Nv5h9bzd4SwHsjzJ7XdXdbRk3Xw==",
      "cpu": [
        "arm64"
      ],
      "license": "MIT",
      "optional": true,
      "os": [
        "linux"
      ]
    },
    "node_modules/@rolldown/binding-linux-x64-gnu": {
      "version": "0.14.0-snapshot-d5e797b-20241114003621",
      "resolved": "https://registry.npmjs.org/@rolldown/binding-linux-x64-gnu/-/binding-linux-x64-gnu-0.14.0-snapshot-d5e797b-20241114003621.tgz",
      "integrity": "sha512-dQNu7BKid2dhJpRUJ7M+Lr+O77wyZfVDifjF3BEb5mlL/YJR029VZSEoguzyf0ir0xNFwcoFmXqvNol6RuCC7g==",
      "cpu": [
        "x64"
      ],
      "license": "MIT",
      "optional": true,
      "os": [
        "linux"
      ]
    },
    "node_modules/@rolldown/binding-linux-x64-musl": {
      "version": "0.14.0-snapshot-d5e797b-20241114003621",
      "resolved": "https://registry.npmjs.org/@rolldown/binding-linux-x64-musl/-/binding-linux-x64-musl-0.14.0-snapshot-d5e797b-20241114003621.tgz",
      "integrity": "sha512-NKB/1i7f0j1YNnTd/DvOzlAfVufCVCovELxxBvdY1GqPBIbY8IrWsggHcw/A3ETdiHv/5qo6bg0OwyY0XJcUcA==",
      "cpu": [
        "x64"
      ],
      "license": "MIT",
      "optional": true,
      "os": [
        "linux"
      ]
    },
    "node_modules/@rolldown/binding-wasm32-wasi": {
      "version": "0.14.0-snapshot-d5e797b-20241114003621",
      "resolved": "https://registry.npmjs.org/@rolldown/binding-wasm32-wasi/-/binding-wasm32-wasi-0.14.0-snapshot-d5e797b-20241114003621.tgz",
      "integrity": "sha512-3s1aV1BwnR1lGd4tq/f9of9q/9HjjYwukr6t++rK/hLG+SvhchLroHycjIdodew/cvvUNJjQoxp6o3XnoNzSVQ==",
      "cpu": [
        "wasm32"
      ],
      "license": "MIT",
      "optional": true,
      "dependencies": {
        "@napi-rs/wasm-runtime": "^0.2.4"
      },
      "engines": {
        "node": ">=14.21.3"
      }
    },
    "node_modules/@rolldown/binding-win32-arm64-msvc": {
      "version": "0.14.0-snapshot-d5e797b-20241114003621",
      "resolved": "https://registry.npmjs.org/@rolldown/binding-win32-arm64-msvc/-/binding-win32-arm64-msvc-0.14.0-snapshot-d5e797b-20241114003621.tgz",
      "integrity": "sha512-Yb0WpkFVDog5jaa9wsp9S/S4OaNR/HwGC4gOUM24Aho7aJBogjwnnX9YXf6c9AS3CPqdeWhslRtgWfRKBzQZCQ==",
      "cpu": [
        "arm64"
      ],
      "license": "MIT",
      "optional": true,
      "os": [
        "win32"
      ]
    },
    "node_modules/@rolldown/binding-win32-ia32-msvc": {
      "version": "0.14.0-snapshot-d5e797b-20241114003621",
      "resolved": "https://registry.npmjs.org/@rolldown/binding-win32-ia32-msvc/-/binding-win32-ia32-msvc-0.14.0-snapshot-d5e797b-20241114003621.tgz",
      "integrity": "sha512-9ECBsIsmjEyKofobNQfgwjc2apokoLfP8hYxu/dQKUT1Mb8KPCZp2pPqhi27HpLB+asEOnO3xMleABJdrYGmtg==",
      "cpu": [
        "ia32"
      ],
      "license": "MIT",
      "optional": true,
      "os": [
        "win32"
      ]
    },
    "node_modules/@rolldown/binding-win32-x64-msvc": {
      "version": "0.14.0-snapshot-d5e797b-20241114003621",
      "resolved": "https://registry.npmjs.org/@rolldown/binding-win32-x64-msvc/-/binding-win32-x64-msvc-0.14.0-snapshot-d5e797b-20241114003621.tgz",
      "integrity": "sha512-sIHCWBHaqpuF2SCfkGTb4Ml4sYAHCc4tyX8DW1/7tgA8uRsQ01UqoBZSv32KCao38AIYQSpC9HGQumcnjnximw==",
      "cpu": [
        "x64"
      ],
      "license": "MIT",
      "optional": true,
      "os": [
        "win32"
      ]
    },
    "node_modules/@tybys/wasm-util": {
      "version": "0.9.0",
      "resolved": "https://registry.npmjs.org/@tybys/wasm-util/-/wasm-util-0.9.0.tgz",
      "integrity": "sha512-6+7nlbMVX/PVDCwaIQ8nTOPveOcFLSt8GcXdx8hD0bt39uWxYT88uXzqTd4fTvqta7oeUJqudepapKNt2DYJFw==",
      "license": "MIT",
      "optional": true,
      "dependencies": {
        "tslib": "^2.4.0"
      }
    },
    "node_modules/rolldown": {
      "version": "0.14.0-snapshot-d5e797b-20241114003621",
      "resolved": "https://registry.npmjs.org/rolldown/-/rolldown-0.14.0-snapshot-d5e797b-20241114003621.tgz",
      "integrity": "sha512-xJTXkA5ROenUW64VVgaqOglIDmrhJFkY1aFk100ROHAe59Gp2A6kaG8tpOoHDfnC4gmpXZnLr1dPDhdg960wYQ==",
      "license": "MIT",
      "dependencies": {
        "zod": "^3.23.8"
      },
      "bin": {
        "rolldown": "bin/cli.js"
      },
      "optionalDependencies": {
        "@rolldown/binding-darwin-arm64": "0.14.0-snapshot-d5e797b-20241114003621",
        "@rolldown/binding-darwin-x64": "0.14.0-snapshot-d5e797b-20241114003621",
        "@rolldown/binding-freebsd-x64": "0.14.0-snapshot-d5e797b-20241114003621",
        "@rolldown/binding-linux-arm-gnueabihf": "0.14.0-snapshot-d5e797b-20241114003621",
        "@rolldown/binding-linux-arm64-gnu": "0.14.0-snapshot-d5e797b-20241114003621",
        "@rolldown/binding-linux-arm64-musl": "0.14.0-snapshot-d5e797b-20241114003621",
        "@rolldown/binding-linux-x64-gnu": "0.14.0-snapshot-d5e797b-20241114003621",
        "@rolldown/binding-linux-x64-musl": "0.14.0-snapshot-d5e797b-20241114003621",
        "@rolldown/binding-wasm32-wasi": "0.14.0-snapshot-d5e797b-20241114003621",
        "@rolldown/binding-win32-arm64-msvc": "0.14.0-snapshot-d5e797b-20241114003621",
        "@rolldown/binding-win32-ia32-msvc": "0.14.0-snapshot-d5e797b-20241114003621",
        "@rolldown/binding-win32-x64-msvc": "0.14.0-snapshot-d5e797b-20241114003621"
      }
    },
    "node_modules/tslib": {
      "version": "2.8.1",
      "resolved": "https://registry.npmjs.org/tslib/-/tslib-2.8.1.tgz",
      "integrity": "sha512-oJFu94HQb+KVduSUQL7wnpmqnfmLsOA/nAh6b6EH0wCEoK0/mPeXU6c3wKDV83MkOuHPRHtSXKKU99IBazS/2w==",
      "license": "0BSD",
      "optional": true
    },
    "node_modules/zod": {
      "version": "3.23.8",
      "resolved": "https://registry.npmjs.org/zod/-/zod-3.23.8.tgz",
      "integrity": "sha512-XBx9AXhXktjUqnepgTiE5flcKIYWi/rme0Eaj+5Y0lftuGBq+jyRu/md4WnuxqgP1ubdpNCsYEYPxrzVHD8d6g==",
      "license": "MIT",
      "funding": {
        "url": "https://github.com/sponsors/colinhacks"
      }
    }
  }
}
