{
  "name": "rolltest",
  "version": "1.0.0",
  "lockfileVersion": 3,
  "requires": true,
  "packages": {
    "": {
      "name": "rolltest",
      "dependencies": {
        "rolldown": "0.14.0-snapshot-12d7e71-20241201004055",
        "svelte": "^5.1.12",
        "tinybase": "^5.3.8"
      }
    },
    "node_modules/@ampproject/remapping": {
      "version": "2.3.0",
      "resolved": "https://registry.npmjs.org/@ampproject/remapping/-/remapping-2.3.0.tgz",
      "integrity": "sha512-30iZtAPgz+LTIYoeivqYo853f02jBYSd5uGnGpkFV0M3xOt9aN73erkgYAmZU43x4VfqcnLxW9Kpg3R5LC4YYw==",
      "license": "Apache-2.0",
      "dependencies": {
        "@jridgewell/gen-mapping": "^0.3.5",
        "@jridgewell/trace-mapping": "^0.3.24"
      },
      "engines": {
        "node": ">=6.0.0"
      }
    },
    "node_modules/@emnapi/core": {
      "version": "1.3.1",
      "resolved": "https://registry.npmjs.org/@emnapi/core/-/core-1.3.1.tgz",
      "integrity": "sha512-pVGjBIt1Y6gg3EJN8jTcfpP/+uuRksIo055oE/OBkDNcjZqVbfkWCksG1Jp4yZnj3iKWyWX8fdG/j6UDYPbFog==",
      "license": "MIT",
      "optional": true,
      "dependencies": {
        "@emnapi/wasi-threads": "1.0.1",
        "tslib": "^2.4.0"
      }
    },
    "node_modules/@emnapi/runtime": {
      "version": "1.3.1",
      "resolved": "https://registry.npmjs.org/@emnapi/runtime/-/runtime-1.3.1.tgz",
      "integrity": "sha512-kEBmG8KyqtxJZv+ygbEim+KCGtIq1fC22Ms3S4ziXmYKm8uyoLX0MHONVKwp+9opg390VaKRNt4a7A9NwmpNhw==",
      "license": "MIT",
      "optional": true,
      "dependencies": {
        "tslib": "^2.4.0"
      }
    },
    "node_modules/@emnapi/wasi-threads": {
      "version": "1.0.1",
      "resolved": "https://registry.npmjs.org/@emnapi/wasi-threads/-/wasi-threads-1.0.1.tgz",
      "integrity": "sha512-iIBu7mwkq4UQGeMEM8bLwNK962nXdhodeScX4slfQnRhEMMzvYivHhutCIk8uojvmASXXPC2WNEjwxFWk72Oqw==",
      "license": "MIT",
      "optional": true,
      "dependencies": {
        "tslib": "^2.4.0"
      }
    },
    "node_modules/@jridgewell/gen-mapping": {
      "version": "0.3.5",
      "resolved": "https://registry.npmjs.org/@jridgewell/gen-mapping/-/gen-mapping-0.3.5.tgz",
      "integrity": "sha512-IzL8ZoEDIBRWEzlCcRhOaCupYyN5gdIK+Q6fbFdPDg6HqX6jpkItn7DFIpW9LQzXG6Df9sA7+OKnq0qlz/GaQg==",
      "license": "MIT",
      "dependencies": {
        "@jridgewell/set-array": "^1.2.1",
        "@jridgewell/sourcemap-codec": "^1.4.10",
        "@jridgewell/trace-mapping": "^0.3.24"
      },
      "engines": {
        "node": ">=6.0.0"
      }
    },
    "node_modules/@jridgewell/resolve-uri": {
      "version": "3.1.2",
      "resolved": "https://registry.npmjs.org/@jridgewell/resolve-uri/-/resolve-uri-3.1.2.tgz",
      "integrity": "sha512-bRISgCIjP20/tbWSPWMEi54QVPRZExkuD9lJL+UIxUKtwVJA8wW1Trb1jMs1RFXo1CBTNZ/5hpC9QvmKWdopKw==",
      "license": "MIT",
      "engines": {
        "node": ">=6.0.0"
      }
    },
    "node_modules/@jridgewell/set-array": {
      "version": "1.2.1",
      "resolved": "https://registry.npmjs.org/@jridgewell/set-array/-/set-array-1.2.1.tgz",
      "integrity": "sha512-R8gLRTZeyp03ymzP/6Lil/28tGeGEzhx1q2k703KGWRAI1VdvPIXdG70VJc2pAMw3NA6JKL5hhFu1sJX0Mnn/A==",
      "license": "MIT",
      "engines": {
        "node": ">=6.0.0"
      }
    },
    "node_modules/@jridgewell/sourcemap-codec": {
      "version": "1.5.0",
      "resolved": "https://registry.npmjs.org/@jridgewell/sourcemap-codec/-/sourcemap-codec-1.5.0.tgz",
      "integrity": "sha512-gv3ZRaISU3fjPAgNsriBRqGWQL6quFx04YMPW/zD8XMLsU32mhCCbfbO6KZFLjvYpCZ8zyDEgqsgf+PwPaM7GQ==",
      "license": "MIT"
    },
    "node_modules/@jridgewell/trace-mapping": {
      "version": "0.3.25",
      "resolved": "https://registry.npmjs.org/@jridgewell/trace-mapping/-/trace-mapping-0.3.25.tgz",
      "integrity": "sha512-vNk6aEwybGtawWmy/PzwnGDOjCkLWSD2wqvjGGAgOAwCGWySYXfYoxt00IJkTF+8Lb57DwOb3Aa0o9CApepiYQ==",
      "license": "MIT",
      "dependencies": {
        "@jridgewell/resolve-uri": "^3.1.0",
        "@jridgewell/sourcemap-codec": "^1.4.14"
      }
    },
    "node_modules/@napi-rs/wasm-runtime": {
      "version": "0.2.5",
      "resolved": "https://registry.npmjs.org/@napi-rs/wasm-runtime/-/wasm-runtime-0.2.5.tgz",
      "integrity": "sha512-kwUxR7J9WLutBbulqg1dfOrMTwhMdXLdcGUhcbCcGwnPLt3gz19uHVdwH1syKVDbE022ZS2vZxOWflFLS0YTjw==",
      "license": "MIT",
      "optional": true,
      "dependencies": {
        "@emnapi/core": "^1.1.0",
        "@emnapi/runtime": "^1.1.0",
        "@tybys/wasm-util": "^0.9.0"
      }
    },
    "node_modules/@rolldown/binding-darwin-arm64": {
      "version": "0.14.0-snapshot-12d7e71-20241201004055",
      "resolved": "https://registry.npmjs.org/@rolldown/binding-darwin-arm64/-/binding-darwin-arm64-0.14.0-snapshot-12d7e71-20241201004055.tgz",
      "integrity": "sha512-VnPsjtoJQaJlfFof/CW1Kh3miEtDkLi0J/IShaIhPrsmL4ZEcrITTp7/VThwlUsZpt/TvBx/VPmGPFQwe/xmQg==",
      "cpu": [
        "arm64"
      ],
      "license": "MIT",
      "optional": true,
      "os": [
        "darwin"
      ]
    },
    "node_modules/@rolldown/binding-darwin-x64": {
      "version": "0.14.0-snapshot-12d7e71-20241201004055",
      "resolved": "https://registry.npmjs.org/@rolldown/binding-darwin-x64/-/binding-darwin-x64-0.14.0-snapshot-12d7e71-20241201004055.tgz",
      "integrity": "sha512-K+b/a8cyrdDQ0H+wWgrgquHSQJ8l1EK/D0rbxv5mtdl8wUXQSP5CQwHSyNAvve2/zNDFLz4g/RGaqvaFVRtE+Q==",
      "cpu": [
        "x64"
      ],
      "license": "MIT",
      "optional": true,
      "os": [
        "darwin"
      ]
    },
    "node_modules/@rolldown/binding-freebsd-x64": {
      "version": "0.14.0-snapshot-12d7e71-20241201004055",
      "resolved": "https://registry.npmjs.org/@rolldown/binding-freebsd-x64/-/binding-freebsd-x64-0.14.0-snapshot-12d7e71-20241201004055.tgz",
      "integrity": "sha512-x01+jgHEcjBT50R0msJeDkIaYBaCWJAhpzhcNip79H+soF4zOaaKt/PgyVSC4N97gewdzClgmgUEHV3dfR0z/Q==",
      "cpu": [
        "x64"
      ],
      "license": "MIT",
      "optional": true,
      "os": [
        "freebsd"
      ]
    },
    "node_modules/@rolldown/binding-linux-arm-gnueabihf": {
      "version": "0.14.0-snapshot-12d7e71-20241201004055",
      "resolved": "https://registry.npmjs.org/@rolldown/binding-linux-arm-gnueabihf/-/binding-linux-arm-gnueabihf-0.14.0-snapshot-12d7e71-20241201004055.tgz",
      "integrity": "sha512-XwIgcHbrSdYg9okIYTznIS0dg0gNW76Wv6/Xt4gd2iSpwCk3RdAPJDDef4O2BtcSlk1sN+y5pHKlDXFFmME+WA==",
      "cpu": [
        "arm"
      ],
      "license": "MIT",
      "optional": true,
      "os": [
        "linux"
      ]
    },
    "node_modules/@rolldown/binding-linux-arm64-gnu": {
      "version": "0.14.0-snapshot-12d7e71-20241201004055",
      "resolved": "https://registry.npmjs.org/@rolldown/binding-linux-arm64-gnu/-/binding-linux-arm64-gnu-0.14.0-snapshot-12d7e71-20241201004055.tgz",
      "integrity": "sha512-AjU33kl38sca9gT9kfYI9nS8udOSIWK15bNdvZF7UZhNmBr2uB0KH3Fcib/HWafyEnL9XJ3pE48URAndJC+2WA==",
      "cpu": [
        "arm64"
      ],
      "license": "MIT",
      "optional": true,
      "os": [
        "linux"
      ]
    },
    "node_modules/@rolldown/binding-linux-arm64-musl": {
      "version": "0.14.0-snapshot-12d7e71-20241201004055",
      "resolved": "https://registry.npmjs.org/@rolldown/binding-linux-arm64-musl/-/binding-linux-arm64-musl-0.14.0-snapshot-12d7e71-20241201004055.tgz",
      "integrity": "sha512-l8ZaLq5WQmQOz75iSC+8AcUasouD3o8NR0jWqggXdrHZHJ3QylKVRIXQV5iJzdy4UzVZMh608UKt9kMH1N5R7A==",
      "cpu": [
        "arm64"
      ],
      "license": "MIT",
      "optional": true,
      "os": [
        "linux"
      ]
    },
    "node_modules/@rolldown/binding-linux-x64-gnu": {
      "version": "0.14.0-snapshot-12d7e71-20241201004055",
      "resolved": "https://registry.npmjs.org/@rolldown/binding-linux-x64-gnu/-/binding-linux-x64-gnu-0.14.0-snapshot-12d7e71-20241201004055.tgz",
      "integrity": "sha512-6JAJ9mT93Am6jXbirKufpOb3f9RDXE/K4jSIHFqukKmBvI1wBiQUHYhs/dT9XB1NNsadP3LMxEX329FMn323hw==",
      "cpu": [
        "x64"
      ],
      "license": "MIT",
      "optional": true,
      "os": [
        "linux"
      ]
    },
    "node_modules/@rolldown/binding-linux-x64-musl": {
      "version": "0.14.0-snapshot-12d7e71-20241201004055",
      "resolved": "https://registry.npmjs.org/@rolldown/binding-linux-x64-musl/-/binding-linux-x64-musl-0.14.0-snapshot-12d7e71-20241201004055.tgz",
      "integrity": "sha512-sRaHk+a01vpxSUjxWioDmasDerR9lNTBQuoFuax+NY8z8lx2fiCwzoBoPm6a0zJHQa5ZuNvG6csLulfzg1F6JA==",
      "cpu": [
        "x64"
      ],
      "license": "MIT",
      "optional": true,
      "os": [
        "linux"
      ]
    },
    "node_modules/@rolldown/binding-wasm32-wasi": {
      "version": "0.14.0-snapshot-12d7e71-20241201004055",
      "resolved": "https://registry.npmjs.org/@rolldown/binding-wasm32-wasi/-/binding-wasm32-wasi-0.14.0-snapshot-12d7e71-20241201004055.tgz",
      "integrity": "sha512-Itq/iYzbdoZdMh7qEGRD6Fw+IFOm3c18OzULjLNU0lD3mboEq3KF2YVthara0M92QRXes3rbGDjMTTb4w8AaMQ==",
      "cpu": [
        "wasm32"
      ],
      "license": "MIT",
      "optional": true,
      "dependencies": {
        "@napi-rs/wasm-runtime": "^0.2.4"
      },
      "engines": {
        "node": ">=14.21.3"
      }
    },
    "node_modules/@rolldown/binding-win32-arm64-msvc": {
      "version": "0.14.0-snapshot-12d7e71-20241201004055",
      "resolved": "https://registry.npmjs.org/@rolldown/binding-win32-arm64-msvc/-/binding-win32-arm64-msvc-0.14.0-snapshot-12d7e71-20241201004055.tgz",
      "integrity": "sha512-1bKG8VlBmE93rdrfICtzjg/zdkkbMN/NM90pPGnmKnBegp/V1sJm4xm8QLkR+bUPN2JA8IwrtsOprE8J4vzf2g==",
      "cpu": [
        "arm64"
      ],
      "license": "MIT",
      "optional": true,
      "os": [
        "win32"
      ]
    },
    "node_modules/@rolldown/binding-win32-ia32-msvc": {
      "version": "0.14.0-snapshot-12d7e71-20241201004055",
      "resolved": "https://registry.npmjs.org/@rolldown/binding-win32-ia32-msvc/-/binding-win32-ia32-msvc-0.14.0-snapshot-12d7e71-20241201004055.tgz",
      "integrity": "sha512-BHe345BoHH4mbwL2OCrXyZxKqaZ6Y0qlwhrQU4daomgD8cEDBxZxwYAeFikzzS79yhoQ/s4EfhPN/ruZbsBsPw==",
      "cpu": [
        "ia32"
      ],
      "license": "MIT",
      "optional": true,
      "os": [
        "win32"
      ]
    },
    "node_modules/@rolldown/binding-win32-x64-msvc": {
      "version": "0.14.0-snapshot-12d7e71-20241201004055",
      "resolved": "https://registry.npmjs.org/@rolldown/binding-win32-x64-msvc/-/binding-win32-x64-msvc-0.14.0-snapshot-12d7e71-20241201004055.tgz",
      "integrity": "sha512-PA/cWPWeo9h9Pwc7qtKGcVqNj4khefmgyS5pWPcGqPkVn0msUzybq03KqkyRq18AkDsquZrYVrvUSQalUlm1mQ==",
      "cpu": [
        "x64"
      ],
      "license": "MIT",
      "optional": true,
      "os": [
        "win32"
      ]
    },
    "node_modules/@tybys/wasm-util": {
      "version": "0.9.0",
      "resolved": "https://registry.npmjs.org/@tybys/wasm-util/-/wasm-util-0.9.0.tgz",
      "integrity": "sha512-6+7nlbMVX/PVDCwaIQ8nTOPveOcFLSt8GcXdx8hD0bt39uWxYT88uXzqTd4fTvqta7oeUJqudepapKNt2DYJFw==",
      "license": "MIT",
      "optional": true,
      "dependencies": {
        "tslib": "^2.4.0"
      }
    },
    "node_modules/@types/estree": {
      "version": "1.0.6",
      "resolved": "https://registry.npmjs.org/@types/estree/-/estree-1.0.6.tgz",
      "integrity": "sha512-AYnb1nQyY49te+VRAVgmzfcgjYS91mY5P0TKUDCLEM+gNnA+3T6rWITXRLYCpahpqSQbN5cE+gHpnPyXjHWxcw==",
      "license": "MIT"
    },
    "node_modules/acorn": {
      "version": "8.14.0",
      "resolved": "https://registry.npmjs.org/acorn/-/acorn-8.14.0.tgz",
      "integrity": "sha512-cl669nCJTZBsL97OF4kUQm5g5hC2uihk0NxY3WENAC0TYdILVkAyHymAntgxGkl7K+t0cXIrH5siy5S4XkFycA==",
      "license": "MIT",
      "bin": {
        "acorn": "bin/acorn"
      },
      "engines": {
        "node": ">=0.4.0"
      }
    },
    "node_modules/acorn-typescript": {
      "version": "1.4.13",
      "resolved": "https://registry.npmjs.org/acorn-typescript/-/acorn-typescript-1.4.13.tgz",
      "integrity": "sha512-xsc9Xv0xlVfwp2o7sQ+GCQ1PgbkdcpWdTzrwXxO3xDMTAywVS3oXVOcOHuRjAPkS4P9b+yc/qNF15460v+jp4Q==",
      "license": "MIT",
      "peerDependencies": {
        "acorn": ">=8.9.0"
      }
    },
    "node_modules/aria-query": {
      "version": "5.3.2",
      "resolved": "https://registry.npmjs.org/aria-query/-/aria-query-5.3.2.tgz",
      "integrity": "sha512-COROpnaoap1E2F000S62r6A60uHZnmlvomhfyT2DlTcrY1OrBKn2UhH7qn5wTC9zMvD0AY7csdPSNwKP+7WiQw==",
      "license": "Apache-2.0",
      "engines": {
        "node": ">= 0.4"
      }
    },
    "node_modules/axobject-query": {
      "version": "4.1.0",
      "resolved": "https://registry.npmjs.org/axobject-query/-/axobject-query-4.1.0.tgz",
      "integrity": "sha512-qIj0G9wZbMGNLjLmg1PT6v2mE9AH2zlnADJD/2tC6E00hgmhUOfEB6greHPAfLRSufHqROIUTkw6E+M3lH0PTQ==",
      "license": "Apache-2.0",
      "engines": {
        "node": ">= 0.4"
      }
    },
    "node_modules/esm-env": {
      "version": "1.1.4",
      "resolved": "https://registry.npmjs.org/esm-env/-/esm-env-1.1.4.tgz",
      "integrity": "sha512-oO82nKPHKkzIj/hbtuDYy/JHqBHFlMIW36SDiPCVsj87ntDLcWN+sJ1erdVryd4NxODacFTsdrIE3b7IamqbOg==",
      "license": "MIT"
    },
    "node_modules/esrap": {
      "version": "1.2.2",
      "resolved": "https://registry.npmjs.org/esrap/-/esrap-1.2.2.tgz",
      "integrity": "sha512-F2pSJklxx1BlQIQgooczXCPHmcWpn6EsP5oo73LQfonG9fIlIENQ8vMmfGXeojP9MrkzUNAfyU5vdFlR9shHAw==",
      "license": "MIT",
      "dependencies": {
        "@jridgewell/sourcemap-codec": "^1.4.15",
        "@types/estree": "^1.0.1"
      }
    },
    "node_modules/is-reference": {
      "version": "3.0.2",
      "resolved": "https://registry.npmjs.org/is-reference/-/is-reference-3.0.2.tgz",
      "integrity": "sha512-v3rht/LgVcsdZa3O2Nqs+NMowLOxeOm7Ay9+/ARQ2F+qEoANRcqrjAZKGN0v8ymUetZGgkp26LTnGT7H0Qo9Pg==",
      "license": "MIT",
      "dependencies": {
        "@types/estree": "*"
      }
    },
    "node_modules/locate-character": {
      "version": "3.0.0",
      "resolved": "https://registry.npmjs.org/locate-character/-/locate-character-3.0.0.tgz",
      "integrity": "sha512-SW13ws7BjaeJ6p7Q6CO2nchbYEc3X3J6WrmTTDto7yMPqVSZTUyY5Tjbid+Ab8gLnATtygYtiDIJGQRRn2ZOiA==",
      "license": "MIT"
    },
    "node_modules/magic-string": {
      "version": "0.30.12",
      "resolved": "https://registry.npmjs.org/magic-string/-/magic-string-0.30.12.tgz",
      "integrity": "sha512-Ea8I3sQMVXr8JhN4z+H/d8zwo+tYDgHE9+5G4Wnrwhs0gaK9fXTKx0Tw5Xwsd/bCPTTZNRAdpyzvoeORe9LYpw==",
      "license": "MIT",
      "dependencies": {
        "@jridgewell/sourcemap-codec": "^1.5.0"
      }
    },
    "node_modules/rolldown": {
      "version": "0.14.0-snapshot-12d7e71-20241201004055",
      "resolved": "https://registry.npmjs.org/rolldown/-/rolldown-0.14.0-snapshot-12d7e71-20241201004055.tgz",
      "integrity": "sha512-p1F8yFTpVfNhczm/yGBIdDFZwJ0iX4jc1vG9dae761Zg5zh977RDj3+UIiPthsZSJ3NG/KdD88xNmBUUtyof0g==",
      "license": "MIT",
      "dependencies": {
        "zod": "^3.23.8"
      },
      "bin": {
        "rolldown": "bin/cli.js"
      },
      "optionalDependencies": {
        "@rolldown/binding-darwin-arm64": "0.14.0-snapshot-12d7e71-20241201004055",
        "@rolldown/binding-darwin-x64": "0.14.0-snapshot-12d7e71-20241201004055",
        "@rolldown/binding-freebsd-x64": "0.14.0-snapshot-12d7e71-20241201004055",
        "@rolldown/binding-linux-arm-gnueabihf": "0.14.0-snapshot-12d7e71-20241201004055",
        "@rolldown/binding-linux-arm64-gnu": "0.14.0-snapshot-12d7e71-20241201004055",
        "@rolldown/binding-linux-arm64-musl": "0.14.0-snapshot-12d7e71-20241201004055",
        "@rolldown/binding-linux-x64-gnu": "0.14.0-snapshot-12d7e71-20241201004055",
        "@rolldown/binding-linux-x64-musl": "0.14.0-snapshot-12d7e71-20241201004055",
        "@rolldown/binding-wasm32-wasi": "0.14.0-snapshot-12d7e71-20241201004055",
        "@rolldown/binding-win32-arm64-msvc": "0.14.0-snapshot-12d7e71-20241201004055",
        "@rolldown/binding-win32-ia32-msvc": "0.14.0-snapshot-12d7e71-20241201004055",
        "@rolldown/binding-win32-x64-msvc": "0.14.0-snapshot-12d7e71-20241201004055"
      },
      "peerDependencies": {
        "@babel/runtime": ">=7"
      },
      "peerDependenciesMeta": {
        "@babel/runtime": {
          "optional": true
        }
      }
    },
    "node_modules/svelte": {
      "version": "5.1.12",
      "resolved": "https://registry.npmjs.org/svelte/-/svelte-5.1.12.tgz",
      "integrity": "sha512-U9BwbSybb9QAKAHg4hl61hVBk97U2QjUKmZa5++QEGoi6Nml6x6cC9KmNT1XObGawToN3DdLpdCs/Z5Yl5IXjQ==",
      "license": "MIT",
      "dependencies": {
        "@ampproject/remapping": "^2.3.0",
        "@jridgewell/sourcemap-codec": "^1.5.0",
        "@types/estree": "^1.0.5",
        "acorn": "^8.12.1",
        "acorn-typescript": "^1.4.13",
        "aria-query": "^5.3.1",
        "axobject-query": "^4.1.0",
        "esm-env": "^1.0.0",
        "esrap": "^1.2.2",
        "is-reference": "^3.0.2",
        "locate-character": "^3.0.0",
        "magic-string": "^0.30.11",
        "zimmerframe": "^1.1.2"
      },
      "engines": {
        "node": ">=18"
      }
    },
    "node_modules/tinybase": {
      "version": "5.3.8",
      "resolved": "https://registry.npmjs.org/tinybase/-/tinybase-5.3.8.tgz",
      "integrity": "sha512-GWcOgFFOpWbOQo1+0wvx7s+CPJK+RFdveeoqFUMSWeumYa0pN7OdbI6C8dTC8BRvGPsnUyY5GuUCZSYd6mRRIw==",
      "license": "MIT",
      "bin": {
        "tinybase": "cli/index.js"
      },
      "peerDependencies": {
        "@automerge/automerge-repo": "^1.2.0",
        "@electric-sql/pglite": "^0.2.12",
        "@libsql/client": "^0.14.0",
        "@powersync/common": "^1.20.1",
        "@sqlite.org/sqlite-wasm": "^3.47.0-build1",
        "@vlcn.io/crsqlite-wasm": "^0.16.0",
        "electric-sql": "^0.12.1",
        "expo": "^51.0.0",
        "expo-sqlite": "^14.0.5",
        "partykit": "^0.0.111",
        "partysocket": "^1.0.2",
        "postgres": "^3.4.5",
        "prettier": "^3.3.2",
        "react": "^18.2.0",
        "react-dom": "^18.2.0",
        "sqlite3": "^5.1.7",
        "ws": "^8.17.0",
        "yjs": "^13.6.20"
      },
      "peerDependenciesMeta": {
        "@automerge/automerge-repo": {
          "optional": true
        },
        "@electric-sql/pglite": {
          "optional": true
        },
        "@libsql/client": {
          "optional": true
        },
        "@powersync/common": {
          "optional": true
        },
        "@sqlite.org/sqlite-wasm": {
          "optional": true
        },
        "@vlcn.io/crsqlite-wasm": {
          "optional": true
        },
        "electric-sql": {
          "optional": true
        },
        "expo": {
          "optional": true
        },
        "expo-sqlite": {
          "optional": true
        },
        "partykit": {
          "optional": true
        },
        "partysocket": {
          "optional": true
        },
        "postgres": {
          "optional": true
        },
        "prettier": {
          "optional": true
        },
        "react": {
          "optional": true
        },
        "react-dom": {
          "optional": true
        },
        "sqlite3": {
          "optional": true
        },
        "ws": {
          "optional": true
        },
        "yjs": {
          "optional": true
        }
      }
    },
    "node_modules/tslib": {
      "version": "2.8.1",
      "resolved": "https://registry.npmjs.org/tslib/-/tslib-2.8.1.tgz",
      "integrity": "sha512-oJFu94HQb+KVduSUQL7wnpmqnfmLsOA/nAh6b6EH0wCEoK0/mPeXU6c3wKDV83MkOuHPRHtSXKKU99IBazS/2w==",
      "license": "0BSD",
      "optional": true
    },
    "node_modules/zimmerframe": {
      "version": "1.1.2",
      "resolved": "https://registry.npmjs.org/zimmerframe/-/zimmerframe-1.1.2.tgz",
      "integrity": "sha512-rAbqEGa8ovJy4pyBxZM70hg4pE6gDgaQ0Sl9M3enG3I0d6H4XSAM3GeNGLKnsBpuijUow064sf7ww1nutC5/3w==",
      "license": "MIT"
    },
    "node_modules/zod": {
      "version": "3.23.8",
      "resolved": "https://registry.npmjs.org/zod/-/zod-3.23.8.tgz",
      "integrity": "sha512-XBx9AXhXktjUqnepgTiE5flcKIYWi/rme0Eaj+5Y0lftuGBq+jyRu/md4WnuxqgP1ubdpNCsYEYPxrzVHD8d6g==",
      "license": "MIT",
      "funding": {
        "url": "https://github.com/sponsors/colinhacks"
      }
    }
  }
}
